
Microsoft Visual Studio Solution File, Format Version 12.00
# Visual Studio Version 16
VisualStudioVersion = 16.0.30517.126
MinimumVisualStudioVersion = 10.0.40219.1
Project("{FAE04EC0-301F-11D3-BF4B-00C04F79EFBC}") = "GigHub", "GigHub\GigHub.csproj", "{D68322C6-6D2B-41F0-A752-AA7B2F965D70}"
EndProject
Project("{FAE04EC0-301F-11D3-BF4B-00C04F79EFBC}") = "GigHub.Tests", "GigHub.Tests\GigHub.Tests.csproj", "{5903140F-114E-4A18-820A-41E9353F62AB}"
EndProject
Global
	GlobalSection(SolutionConfigurationPlatforms) = preSolution
		Debug|Any CPU = Debug|Any CPU
		Release|Any CPU = Release|Any CPU
	EndGlobalSection
	GlobalSection(ProjectConfigurationPlatforms) = postSolution
		{D68322C6-6D2B-41F0-A752-AA7B2F965D70}.Debug|Any CPU.ActiveCfg = Debug|Any CPU
		{D68322C6-6D2B-41F0-A752-AA7B2F965D70}.Debug|Any CPU.Build.0 = Debug|Any CPU
		{D68322C6-6D2B-41F0-A752-AA7B2F965D70}.Release|Any CPU.ActiveCfg = Release|Any CPU
		{D68322C6-6D2B-41F0-A752-AA7B2F965D70}.Release|Any CPU.Build.0 = Release|Any CPU
		{5903140F-114E-4A18-820A-41E9353F62AB}.Debug|Any CPU.ActiveCfg = Debug|Any CPU
		{5903140F-114E-4A18-820A-41E9353F62AB}.Debug|Any CPU.Build.0 = Debug|Any CPU
		{5903140F-114E-4A18-820A-41E9353F62AB}.Release|Any CPU.ActiveCfg = Release|Any CPU
		{5903140F-114E-4A18-820A-41E9353F62AB}.Release|Any CPU.Build.0 = Release|Any CPU
	EndGlobalSection
	GlobalSection(SolutionProperties) = preSolution
		HideSolutionNode = FALSE
	EndGlobalSection
	GlobalSection(ExtensibilityGlobals) = postSolution
		SolutionGuid = {1031B21E-E86A-4903-8EFC-89B52291E118}
	EndGlobalSection
EndGlobal
